
Microsoft Visual Studio Solution File, Format Version 12.00
# Visual Studio Version 17
VisualStudioVersion = 17.8.34322.80
MinimumVisualStudioVersion = 10.0.40219.1
Project("{FAE04EC0-301F-11D3-BF4B-00C04F79EFBC}") = "TestOktaPKCEClientSide", "TestOktaPKCE\TestOktaPKCEClientSide.csproj", "{F36C643A-314C-4964-BD79-4F34C597DBAD}"
EndProject
Project("{FAE04EC0-301F-11D3-BF4B-00C04F79EFBC}") = "AuthCodePKCEServerSide", "AuthCodePKCEServerSide\AuthCodePKCEServerSide.csproj", "{92797133-4514-4D0F-8E16-54917AA284D2}"
EndProject
Global
	GlobalSection(SolutionConfigurationPlatforms) = preSolution
		Debug|Any CPU = Debug|Any CPU
		Release|Any CPU = Release|Any CPU
	EndGlobalSection
	GlobalSection(ProjectConfigurationPlatforms) = postSolution
		{F36C643A-314C-4964-BD79-4F34C597DBAD}.Debug|Any CPU.ActiveCfg = Debug|Any CPU
		{F36C643A-314C-4964-BD79-4F34C597DBAD}.Debug|Any CPU.Build.0 = Debug|Any CPU
		{F36C643A-314C-4964-BD79-4F34C597DBAD}.Release|Any CPU.ActiveCfg = Release|Any CPU
		{F36C643A-314C-4964-BD79-4F34C597DBAD}.Release|Any CPU.Build.0 = Release|Any CPU
		{92797133-4514-4D0F-8E16-54917AA284D2}.Debug|Any CPU.ActiveCfg = Debug|Any CPU
		{92797133-4514-4D0F-8E16-54917AA284D2}.Debug|Any CPU.Build.0 = Debug|Any CPU
		{92797133-4514-4D0F-8E16-54917AA284D2}.Release|Any CPU.ActiveCfg = Release|Any CPU
		{92797133-4514-4D0F-8E16-54917AA284D2}.Release|Any CPU.Build.0 = Release|Any CPU
	EndGlobalSection
	GlobalSection(SolutionProperties) = preSolution
		HideSolutionNode = FALSE
	EndGlobalSection
	GlobalSection(ExtensibilityGlobals) = postSolution
		SolutionGuid = {87D2F3EF-56BF-49AC-A9C3-FC29D1BEB770}
	EndGlobalSection
EndGlobal
